
Microsoft Visual Studio Solution File, Format Version 12.00
# Visual Studio 14
VisualStudioVersion = 14.0.24720.0
MinimumVisualStudioVersion = 10.0.40219.1
Project("{FAE04EC0-301F-11D3-BF4B-00C04F79EFBC}") = "FormulaToMass_LINQ", "FormulaToMass_LINQ\FormulaToMass_LINQ.csproj", "{6A00B2B3-D15F-481B-A3AE-943FA75B6227}"
EndProject
Project("{FAE04EC0-301F-11D3-BF4B-00C04F79EFBC}") = "FormulaToMass_REGEX", "FormulaToMass_REGEX\FormulaToMass_REGEX.csproj", "{95E237FF-8D83-4668-892E-EF94E271078C}"
EndProject
Project("{FAE04EC0-301F-11D3-BF4B-00C04F79EFBC}") = "FormulaToMass_REPO", "FormulaToMass_REPO\FormulaToMass_REPO.csproj", "{10CD63E2-29E3-4692-88EE-3ECF1615745F}"
EndProject
Project("{FAE04EC0-301F-11D3-BF4B-00C04F79EFBC}") = "FormulaToMass_UI", "FormulaToMass_UI\FormulaToMass_UI.csproj", "{E19377B7-EC62-43CA-955D-3DFC7847E9FB}"
EndProject
Project("{2150E333-8FDC-42A3-9474-1A3956D46DE8}") = "Solution Items", "Solution Items", "{A633F3BA-6CD0-4050-A253-39D6E0734F7D}"
	ProjectSection(SolutionItems) = preProject
		elementData.txt = elementData.txt
	EndProjectSection
EndProject
Global
	GlobalSection(SubversionScc) = preSolution
		Svn-Managed = True
		Manager = AnkhSVN - Subversion Support for Visual Studio
	EndGlobalSection
	GlobalSection(SolutionConfigurationPlatforms) = preSolution
		Debug|Any CPU = Debug|Any CPU
		Release|Any CPU = Release|Any CPU
	EndGlobalSection
	GlobalSection(ProjectConfigurationPlatforms) = postSolution
		{6A00B2B3-D15F-481B-A3AE-943FA75B6227}.Debug|Any CPU.ActiveCfg = Debug|Any CPU
		{6A00B2B3-D15F-481B-A3AE-943FA75B6227}.Debug|Any CPU.Build.0 = Debug|Any CPU
		{6A00B2B3-D15F-481B-A3AE-943FA75B6227}.Release|Any CPU.ActiveCfg = Release|Any CPU
		{6A00B2B3-D15F-481B-A3AE-943FA75B6227}.Release|Any CPU.Build.0 = Release|Any CPU
		{95E237FF-8D83-4668-892E-EF94E271078C}.Debug|Any CPU.ActiveCfg = Debug|Any CPU
		{95E237FF-8D83-4668-892E-EF94E271078C}.Debug|Any CPU.Build.0 = Debug|Any CPU
		{95E237FF-8D83-4668-892E-EF94E271078C}.Release|Any CPU.ActiveCfg = Release|Any CPU
		{95E237FF-8D83-4668-892E-EF94E271078C}.Release|Any CPU.Build.0 = Release|Any CPU
		{10CD63E2-29E3-4692-88EE-3ECF1615745F}.Debug|Any CPU.ActiveCfg = Debug|Any CPU
		{10CD63E2-29E3-4692-88EE-3ECF1615745F}.Debug|Any CPU.Build.0 = Debug|Any CPU
		{10CD63E2-29E3-4692-88EE-3ECF1615745F}.Release|Any CPU.ActiveCfg = Release|Any CPU
		{10CD63E2-29E3-4692-88EE-3ECF1615745F}.Release|Any CPU.Build.0 = Release|Any CPU
		{E19377B7-EC62-43CA-955D-3DFC7847E9FB}.Debug|Any CPU.ActiveCfg = Debug|Any CPU
		{E19377B7-EC62-43CA-955D-3DFC7847E9FB}.Debug|Any CPU.Build.0 = Debug|Any CPU
		{E19377B7-EC62-43CA-955D-3DFC7847E9FB}.Release|Any CPU.ActiveCfg = Release|Any CPU
		{E19377B7-EC62-43CA-955D-3DFC7847E9FB}.Release|Any CPU.Build.0 = Release|Any CPU
	EndGlobalSection
	GlobalSection(SolutionProperties) = preSolution
		HideSolutionNode = FALSE
	EndGlobalSection
EndGlobal
