
Microsoft Visual Studio Solution File, Format Version 12.00
# Visual Studio 14
VisualStudioVersion = 14.0.23107.0
MinimumVisualStudioVersion = 10.0.40219.1
Project("{FAE04EC0-301F-11D3-BF4B-00C04F79EFBC}") = "ervin10", "ervin10\ervin10.csproj", "{67A79F6D-2CF0-4546-A27A-133EB8C21758}"
EndProject
Global
	GlobalSection(SolutionConfigurationPlatforms) = preSolution
		Debug|Any CPU = Debug|Any CPU
		Release|Any CPU = Release|Any CPU
	EndGlobalSection
	GlobalSection(ProjectConfigurationPlatforms) = postSolution
		{67A79F6D-2CF0-4546-A27A-133EB8C21758}.Debug|Any CPU.ActiveCfg = Debug|Any CPU
		{67A79F6D-2CF0-4546-A27A-133EB8C21758}.Debug|Any CPU.Build.0 = Debug|Any CPU
		{67A79F6D-2CF0-4546-A27A-133EB8C21758}.Release|Any CPU.ActiveCfg = Release|Any CPU
		{67A79F6D-2CF0-4546-A27A-133EB8C21758}.Release|Any CPU.Build.0 = Release|Any CPU
	EndGlobalSection
	GlobalSection(SolutionProperties) = preSolution
		HideSolutionNode = FALSE
	EndGlobalSection
EndGlobal
